
Microsoft Visual Studio Solution File, Format Version 12.00
# Visual Studio Version 17
VisualStudioVersion = 17.3.32825.248
MinimumVisualStudioVersion = 10.0.40219.1
Project("{FAE04EC0-301F-11D3-BF4B-00C04F79EFBC}") = "POO.Ex1", "POO.Ex1\POO.Ex1.csproj", "{1737D0AE-B82F-46D0-A2BA-76C9B3F31FEE}"
EndProject
Global
	GlobalSection(SolutionConfigurationPlatforms) = preSolution
		Debug|Any CPU = Debug|Any CPU
		Release|Any CPU = Release|Any CPU
	EndGlobalSection
	GlobalSection(ProjectConfigurationPlatforms) = postSolution
		{1737D0AE-B82F-46D0-A2BA-76C9B3F31FEE}.Debug|Any CPU.ActiveCfg = Debug|Any CPU
		{1737D0AE-B82F-46D0-A2BA-76C9B3F31FEE}.Debug|Any CPU.Build.0 = Debug|Any CPU
		{1737D0AE-B82F-46D0-A2BA-76C9B3F31FEE}.Release|Any CPU.ActiveCfg = Release|Any CPU
		{1737D0AE-B82F-46D0-A2BA-76C9B3F31FEE}.Release|Any CPU.Build.0 = Release|Any CPU
	EndGlobalSection
	GlobalSection(SolutionProperties) = preSolution
		HideSolutionNode = FALSE
	EndGlobalSection
	GlobalSection(ExtensibilityGlobals) = postSolution
		SolutionGuid = {8B9F752C-D911-412A-AB0F-11A9AED8591C}
	EndGlobalSection
EndGlobal
